// !$*UTF8*$!
{
	archiveVersion = 1;
	classes = {
	};
	objectVersion = 56;
	objects = {

/* Begin PBXBuildFile section */
		6F0B184629A6729E006342AD /* GoogleService-Info.plist in Resources */ = {isa = PBXBuildFile; fileRef = 6F0B184529A6729E006342AD /* GoogleService-Info.plist */; };
		6F0B184929A677AA006342AD /* FirebaseAnalytics in Frameworks */ = {isa = PBXBuildFile; productRef = 6F0B184829A677AA006342AD /* FirebaseAnalytics */; };
		6F0B184B29A677AA006342AD /* FirebaseAnalyticsOnDeviceConversion in Frameworks */ = {isa = PBXBuildFile; productRef = 6F0B184A29A677AA006342AD /* FirebaseAnalyticsOnDeviceConversion */; };
		6F0B184D29A677AA006342AD /* FirebaseAnalyticsSwift in Frameworks */ = {isa = PBXBuildFile; productRef = 6F0B184C29A677AA006342AD /* FirebaseAnalyticsSwift */; };
		6F0B184F29A677AA006342AD /* FirebaseAnalyticsWithoutAdIdSupport in Frameworks */ = {isa = PBXBuildFile; productRef = 6F0B184E29A677AA006342AD /* FirebaseAnalyticsWithoutAdIdSupport */; };
		6F0B185129A677AA006342AD /* FirebaseAppCheck in Frameworks */ = {isa = PBXBuildFile; productRef = 6F0B185029A677AA006342AD /* FirebaseAppCheck */; };
		6F0B185329A677AA006342AD /* FirebaseAppDistribution-Beta in Frameworks */ = {isa = PBXBuildFile; productRef = 6F0B185229A677AA006342AD /* FirebaseAppDistribution-Beta */; };
		6F0B185529A677AA006342AD /* FirebaseAuth in Frameworks */ = {isa = PBXBuildFile; productRef = 6F0B185429A677AA006342AD /* FirebaseAuth */; };
		6F0B185729A677AA006342AD /* FirebaseAuthCombine-Community in Frameworks */ = {isa = PBXBuildFile; productRef = 6F0B185629A677AA006342AD /* FirebaseAuthCombine-Community */; };
		6F0B185929A677AA006342AD /* FirebaseCrashlytics in Frameworks */ = {isa = PBXBuildFile; productRef = 6F0B185829A677AA006342AD /* FirebaseCrashlytics */; };
		6F0B185B29A677AA006342AD /* FirebaseDatabase in Frameworks */ = {isa = PBXBuildFile; productRef = 6F0B185A29A677AA006342AD /* FirebaseDatabase */; };
		6F0B185D29A677AA006342AD /* FirebaseDatabaseSwift in Frameworks */ = {isa = PBXBuildFile; productRef = 6F0B185C29A677AA006342AD /* FirebaseDatabaseSwift */; };
		6F0B185F29A677AA006342AD /* FirebaseDynamicLinks in Frameworks */ = {isa = PBXBuildFile; productRef = 6F0B185E29A677AA006342AD /* FirebaseDynamicLinks */; };
		6F0B186129A677AA006342AD /* FirebaseFirestore in Frameworks */ = {isa = PBXBuildFile; productRef = 6F0B186029A677AA006342AD /* FirebaseFirestore */; };
		6F0B186329A677AA006342AD /* FirebaseFirestoreCombine-Community in Frameworks */ = {isa = PBXBuildFile; productRef = 6F0B186229A677AA006342AD /* FirebaseFirestoreCombine-Community */; };
		6F0B186529A677AA006342AD /* FirebaseFirestoreSwift in Frameworks */ = {isa = PBXBuildFile; productRef = 6F0B186429A677AA006342AD /* FirebaseFirestoreSwift */; };
		6F0B186729A677AA006342AD /* FirebaseFunctions in Frameworks */ = {isa = PBXBuildFile; productRef = 6F0B186629A677AA006342AD /* FirebaseFunctions */; };
		6F0B186929A677AA006342AD /* FirebaseFunctionsCombine-Community in Frameworks */ = {isa = PBXBuildFile; productRef = 6F0B186829A677AA006342AD /* FirebaseFunctionsCombine-Community */; };
		6F0B186B29A677AA006342AD /* FirebaseInAppMessaging-Beta in Frameworks */ = {isa = PBXBuildFile; productRef = 6F0B186A29A677AA006342AD /* FirebaseInAppMessaging-Beta */; };
		6F0B186D29A677AA006342AD /* FirebaseInAppMessagingSwift-Beta in Frameworks */ = {isa = PBXBuildFile; productRef = 6F0B186C29A677AA006342AD /* FirebaseInAppMessagingSwift-Beta */; };
		6F0B186F29A677AA006342AD /* FirebaseInstallations in Frameworks */ = {isa = PBXBuildFile; productRef = 6F0B186E29A677AA006342AD /* FirebaseInstallations */; };
		6F0B187129A677AA006342AD /* FirebaseMLModelDownloader in Frameworks */ = {isa = PBXBuildFile; productRef = 6F0B187029A677AA006342AD /* FirebaseMLModelDownloader */; };
		6F0B187329A677AA006342AD /* FirebaseMessaging in Frameworks */ = {isa = PBXBuildFile; productRef = 6F0B187229A677AA006342AD /* FirebaseMessaging */; };
		6F0B187529A677AA006342AD /* FirebasePerformance in Frameworks */ = {isa = PBXBuildFile; productRef = 6F0B187429A677AA006342AD /* FirebasePerformance */; };
		6F0B187729A677AA006342AD /* FirebaseRemoteConfig in Frameworks */ = {isa = PBXBuildFile; productRef = 6F0B187629A677AA006342AD /* FirebaseRemoteConfig */; };
		6F0B187929A677AA006342AD /* FirebaseRemoteConfigSwift in Frameworks */ = {isa = PBXBuildFile; productRef = 6F0B187829A677AA006342AD /* FirebaseRemoteConfigSwift */; };
		6F0B187B29A677AA006342AD /* FirebaseStorage in Frameworks */ = {isa = PBXBuildFile; productRef = 6F0B187A29A677AA006342AD /* FirebaseStorage */; };
		6F0B187D29A677AA006342AD /* FirebaseStorageCombine-Community in Frameworks */ = {isa = PBXBuildFile; productRef = 6F0B187C29A677AA006342AD /* FirebaseStorageCombine-Community */; };
		6F0B188329A6801B006342AD /* OrderViewController.swift in Sources */ = {isa = PBXBuildFile; fileRef = 6F0B188229A6801B006342AD /* OrderViewController.swift */; };
		6F0B188929A7CFFD006342AD /* AuthManager.swift in Sources */ = {isa = PBXBuildFile; fileRef = 6F0B188829A7CFFD006342AD /* AuthManager.swift */; };
		6F0B188F29A7D98B006342AD /* PhoneViewController.swift in Sources */ = {isa = PBXBuildFile; fileRef = 6F0B188E29A7D98B006342AD /* PhoneViewController.swift */; };
		6F0B189129A7DDA1006342AD /* SMSCodeViewController.swift in Sources */ = {isa = PBXBuildFile; fileRef = 6F0B189029A7DDA1006342AD /* SMSCodeViewController.swift */; };
		6F24D50029A51266009C7609 /* MainCollectionViewCell.swift in Sources */ = {isa = PBXBuildFile; fileRef = 6F24D4FF29A51266009C7609 /* MainCollectionViewCell.swift */; };
		6F24D50429A51372009C7609 /* DetailedViewModel.swift in Sources */ = {isa = PBXBuildFile; fileRef = 6F24D50329A51372009C7609 /* DetailedViewModel.swift */; };
		6F24D50729A513F5009C7609 /* ReviewCustomView.swift in Sources */ = {isa = PBXBuildFile; fileRef = 6F24D50629A513F5009C7609 /* ReviewCustomView.swift */; };
		6F24D50929A5142E009C7609 /* RatingCustomView.swift in Sources */ = {isa = PBXBuildFile; fileRef = 6F24D50829A5142E009C7609 /* RatingCustomView.swift */; };
		6F24D50B29A514FF009C7609 /* AddProductCustomButton.swift in Sources */ = {isa = PBXBuildFile; fileRef = 6F24D50A29A514FF009C7609 /* AddProductCustomButton.swift */; };
		6F479F4029A4DCDF008A2E1F /* MainTabBarController.swift in Sources */ = {isa = PBXBuildFile; fileRef = 6F479F3F29A4DCDF008A2E1F /* MainTabBarController.swift */; };
		6F479F4229A4DEAC008A2E1F /* ProfileViewController.swift in Sources */ = {isa = PBXBuildFile; fileRef = 6F479F4129A4DEAC008A2E1F /* ProfileViewController.swift */; };
		6F479F4429A4DECF008A2E1F /* DetailedCocktailViewController.swift in Sources */ = {isa = PBXBuildFile; fileRef = 6F479F4329A4DECF008A2E1F /* DetailedCocktailViewController.swift */; };
		6F479F4629A4E9EF008A2E1F /* UIColorExtension.swift in Sources */ = {isa = PBXBuildFile; fileRef = 6F479F4529A4E9EF008A2E1F /* UIColorExtension.swift */; };
		6F85A66629A7FAAB00BE71DA /* UserDefaultsService.swift in Sources */ = {isa = PBXBuildFile; fileRef = 6F85A66529A7FAAB00BE71DA /* UserDefaultsService.swift */; };
		6F85A66829A7FB7200BE71DA /* User.swift in Sources */ = {isa = PBXBuildFile; fileRef = 6F85A66729A7FB7200BE71DA /* User.swift */; };
		6F85A66F29A88AFB00BE71DA /* OrderTableView.swift in Sources */ = {isa = PBXBuildFile; fileRef = 6F85A66E29A88AFB00BE71DA /* OrderTableView.swift */; };
		6FDF7B6129A3C0B6007B9F4A /* AppDelegate.swift in Sources */ = {isa = PBXBuildFile; fileRef = 6FDF7B6029A3C0B6007B9F4A /* AppDelegate.swift */; };
		6FDF7B6329A3C0B6007B9F4A /* SceneDelegate.swift in Sources */ = {isa = PBXBuildFile; fileRef = 6FDF7B6229A3C0B6007B9F4A /* SceneDelegate.swift */; };
		6FDF7B6529A3C0B6007B9F4A /* MainViewController.swift in Sources */ = {isa = PBXBuildFile; fileRef = 6FDF7B6429A3C0B6007B9F4A /* MainViewController.swift */; };
		6FDF7B6829A3C0B6007B9F4A /* Main.storyboard in Resources */ = {isa = PBXBuildFile; fileRef = 6FDF7B6629A3C0B6007B9F4A /* Main.storyboard */; };
		6FDF7B6A29A3C0B8007B9F4A /* Assets.xcassets in Resources */ = {isa = PBXBuildFile; fileRef = 6FDF7B6929A3C0B8007B9F4A /* Assets.xcassets */; };
		6FDF7B6D29A3C0B8007B9F4A /* LaunchScreen.storyboard in Resources */ = {isa = PBXBuildFile; fileRef = 6FDF7B6B29A3C0B8007B9F4A /* LaunchScreen.storyboard */; };
		6FDF7B7B29A3D11B007B9F4A /* Cocktails.swift in Sources */ = {isa = PBXBuildFile; fileRef = 6FDF7B7A29A3D11B007B9F4A /* Cocktails.swift */; };
		6FDF7B7D29A3D3BF007B9F4A /* NetworkLayer.swift in Sources */ = {isa = PBXBuildFile; fileRef = 6FDF7B7C29A3D3BF007B9F4A /* NetworkLayer.swift */; };
		6FDF7B8629A3DA2E007B9F4A /* MainViewModel.swift in Sources */ = {isa = PBXBuildFile; fileRef = 6FDF7B8529A3DA2E007B9F4A /* MainViewModel.swift */; };
		D92F5A78A542199AE324BF7B /* Pods_Cocktail_App.framework in Frameworks */ = {isa = PBXBuildFile; fileRef = 0CC179874C7A8314C7AAC3A3 /* Pods_Cocktail_App.framework */; };
/* End PBXBuildFile section */

/* Begin PBXFileReference section */
		0CC179874C7A8314C7AAC3A3 /* Pods_Cocktail_App.framework */ = {isa = PBXFileReference; explicitFileType = wrapper.framework; includeInIndex = 0; path = Pods_Cocktail_App.framework; sourceTree = BUILT_PRODUCTS_DIR; };
		6F0B184529A6729E006342AD /* GoogleService-Info.plist */ = {isa = PBXFileReference; fileEncoding = 4; lastKnownFileType = text.plist.xml; name = "GoogleService-Info.plist"; path = "../../../../../Downloads/GoogleService-Info.plist"; sourceTree = "<group>"; };
		6F0B188229A6801B006342AD /* OrderViewController.swift */ = {isa = PBXFileReference; lastKnownFileType = sourcecode.swift; path = OrderViewController.swift; sourceTree = "<group>"; };
		6F0B188829A7CFFD006342AD /* AuthManager.swift */ = {isa = PBXFileReference; lastKnownFileType = sourcecode.swift; path = AuthManager.swift; sourceTree = "<group>"; };
		6F0B188E29A7D98B006342AD /* PhoneViewController.swift */ = {isa = PBXFileReference; lastKnownFileType = sourcecode.swift; path = PhoneViewController.swift; sourceTree = "<group>"; };
		6F0B189029A7DDA1006342AD /* SMSCodeViewController.swift */ = {isa = PBXFileReference; lastKnownFileType = sourcecode.swift; path = SMSCodeViewController.swift; sourceTree = "<group>"; };
		6F24D4FF29A51266009C7609 /* MainCollectionViewCell.swift */ = {isa = PBXFileReference; lastKnownFileType = sourcecode.swift; path = MainCollectionViewCell.swift; sourceTree = "<group>"; };
		6F24D50329A51372009C7609 /* DetailedViewModel.swift */ = {isa = PBXFileReference; lastKnownFileType = sourcecode.swift; path = DetailedViewModel.swift; sourceTree = "<group>"; };
		6F24D50629A513F5009C7609 /* ReviewCustomView.swift */ = {isa = PBXFileReference; lastKnownFileType = sourcecode.swift; path = ReviewCustomView.swift; sourceTree = "<group>"; };
		6F24D50829A5142E009C7609 /* RatingCustomView.swift */ = {isa = PBXFileReference; lastKnownFileType = sourcecode.swift; path = RatingCustomView.swift; sourceTree = "<group>"; };
		6F24D50A29A514FF009C7609 /* AddProductCustomButton.swift */ = {isa = PBXFileReference; lastKnownFileType = sourcecode.swift; path = AddProductCustomButton.swift; sourceTree = "<group>"; };
		6F479F3F29A4DCDF008A2E1F /* MainTabBarController.swift */ = {isa = PBXFileReference; lastKnownFileType = sourcecode.swift; path = MainTabBarController.swift; sourceTree = "<group>"; };
		6F479F4129A4DEAC008A2E1F /* ProfileViewController.swift */ = {isa = PBXFileReference; lastKnownFileType = sourcecode.swift; path = ProfileViewController.swift; sourceTree = "<group>"; };
		6F479F4329A4DECF008A2E1F /* DetailedCocktailViewController.swift */ = {isa = PBXFileReference; lastKnownFileType = sourcecode.swift; path = DetailedCocktailViewController.swift; sourceTree = "<group>"; };
		6F479F4529A4E9EF008A2E1F /* UIColorExtension.swift */ = {isa = PBXFileReference; lastKnownFileType = sourcecode.swift; path = UIColorExtension.swift; sourceTree = "<group>"; };
		6F85A66529A7FAAB00BE71DA /* UserDefaultsService.swift */ = {isa = PBXFileReference; lastKnownFileType = sourcecode.swift; path = UserDefaultsService.swift; sourceTree = "<group>"; };
		6F85A66729A7FB7200BE71DA /* User.swift */ = {isa = PBXFileReference; lastKnownFileType = sourcecode.swift; path = User.swift; sourceTree = "<group>"; };
		6F85A66E29A88AFB00BE71DA /* OrderTableView.swift */ = {isa = PBXFileReference; lastKnownFileType = sourcecode.swift; path = OrderTableView.swift; sourceTree = "<group>"; };
		6FDF7B5D29A3C0B6007B9F4A /* Cocktail_App.app */ = {isa = PBXFileReference; explicitFileType = wrapper.application; includeInIndex = 0; path = Cocktail_App.app; sourceTree = BUILT_PRODUCTS_DIR; };
		6FDF7B6029A3C0B6007B9F4A /* AppDelegate.swift */ = {isa = PBXFileReference; lastKnownFileType = sourcecode.swift; path = AppDelegate.swift; sourceTree = "<group>"; };
		6FDF7B6229A3C0B6007B9F4A /* SceneDelegate.swift */ = {isa = PBXFileReference; lastKnownFileType = sourcecode.swift; path = SceneDelegate.swift; sourceTree = "<group>"; };
		6FDF7B6429A3C0B6007B9F4A /* MainViewController.swift */ = {isa = PBXFileReference; lastKnownFileType = sourcecode.swift; path = MainViewController.swift; sourceTree = "<group>"; };
		6FDF7B6729A3C0B6007B9F4A /* Base */ = {isa = PBXFileReference; lastKnownFileType = file.storyboard; name = Base; path = Base.lproj/Main.storyboard; sourceTree = "<group>"; };
		6FDF7B6929A3C0B8007B9F4A /* Assets.xcassets */ = {isa = PBXFileReference; lastKnownFileType = folder.assetcatalog; path = Assets.xcassets; sourceTree = "<group>"; };
		6FDF7B6C29A3C0B8007B9F4A /* Base */ = {isa = PBXFileReference; lastKnownFileType = file.storyboard; name = Base; path = Base.lproj/LaunchScreen.storyboard; sourceTree = "<group>"; };
		6FDF7B6E29A3C0B8007B9F4A /* Info.plist */ = {isa = PBXFileReference; lastKnownFileType = text.plist.xml; path = Info.plist; sourceTree = "<group>"; };
		6FDF7B7A29A3D11B007B9F4A /* Cocktails.swift */ = {isa = PBXFileReference; lastKnownFileType = sourcecode.swift; path = Cocktails.swift; sourceTree = "<group>"; };
		6FDF7B7C29A3D3BF007B9F4A /* NetworkLayer.swift */ = {isa = PBXFileReference; lastKnownFileType = sourcecode.swift; path = NetworkLayer.swift; sourceTree = "<group>"; };
		6FDF7B8529A3DA2E007B9F4A /* MainViewModel.swift */ = {isa = PBXFileReference; lastKnownFileType = sourcecode.swift; path = MainViewModel.swift; sourceTree = "<group>"; };
		7E6A9191680E2471A9317F71 /* Pods-Cocktail_App.release.xcconfig */ = {isa = PBXFileReference; includeInIndex = 1; lastKnownFileType = text.xcconfig; name = "Pods-Cocktail_App.release.xcconfig"; path = "Target Support Files/Pods-Cocktail_App/Pods-Cocktail_App.release.xcconfig"; sourceTree = "<group>"; };
		8726CB2F4291296411DE996A /* Pods-Cocktail_App.debug.xcconfig */ = {isa = PBXFileReference; includeInIndex = 1; lastKnownFileType = text.xcconfig; name = "Pods-Cocktail_App.debug.xcconfig"; path = "Target Support Files/Pods-Cocktail_App/Pods-Cocktail_App.debug.xcconfig"; sourceTree = "<group>"; };
/* End PBXFileReference section */

/* Begin PBXFrameworksBuildPhase section */
		6FDF7B5A29A3C0B6007B9F4A /* Frameworks */ = {
			isa = PBXFrameworksBuildPhase;
			buildActionMask = 2147483647;
			files = (
				6F0B186729A677AA006342AD /* FirebaseFunctions in Frameworks */,
				6F0B185D29A677AA006342AD /* FirebaseDatabaseSwift in Frameworks */,
				6F0B186D29A677AA006342AD /* FirebaseInAppMessagingSwift-Beta in Frameworks */,
				6F0B187329A677AA006342AD /* FirebaseMessaging in Frameworks */,
				6F0B185329A677AA006342AD /* FirebaseAppDistribution-Beta in Frameworks */,
				6F0B185729A677AA006342AD /* FirebaseAuthCombine-Community in Frameworks */,
				6F0B186329A677AA006342AD /* FirebaseFirestoreCombine-Community in Frameworks */,
				6F0B184D29A677AA006342AD /* FirebaseAnalyticsSwift in Frameworks */,
				6F0B187129A677AA006342AD /* FirebaseMLModelDownloader in Frameworks */,
				6F0B184F29A677AA006342AD /* FirebaseAnalyticsWithoutAdIdSupport in Frameworks */,
				6F0B184929A677AA006342AD /* FirebaseAnalytics in Frameworks */,
				6F0B186529A677AA006342AD /* FirebaseFirestoreSwift in Frameworks */,
				6F0B184B29A677AA006342AD /* FirebaseAnalyticsOnDeviceConversion in Frameworks */,
				6F0B185129A677AA006342AD /* FirebaseAppCheck in Frameworks */,
				6F0B187529A677AA006342AD /* FirebasePerformance in Frameworks */,
				6F0B186B29A677AA006342AD /* FirebaseInAppMessaging-Beta in Frameworks */,
				6F0B186929A677AA006342AD /* FirebaseFunctionsCombine-Community in Frameworks */,
				6F0B185929A677AA006342AD /* FirebaseCrashlytics in Frameworks */,
				6F0B186F29A677AA006342AD /* FirebaseInstallations in Frameworks */,
				6F0B187729A677AA006342AD /* FirebaseRemoteConfig in Frameworks */,
				6F0B187B29A677AA006342AD /* FirebaseStorage in Frameworks */,
				6F0B185B29A677AA006342AD /* FirebaseDatabase in Frameworks */,
				6F0B187D29A677AA006342AD /* FirebaseStorageCombine-Community in Frameworks */,
				D92F5A78A542199AE324BF7B /* Pods_Cocktail_App.framework in Frameworks */,
				6F0B185529A677AA006342AD /* FirebaseAuth in Frameworks */,
				6F0B185F29A677AA006342AD /* FirebaseDynamicLinks in Frameworks */,
				6F0B186129A677AA006342AD /* FirebaseFirestore in Frameworks */,
				6F0B187929A677AA006342AD /* FirebaseRemoteConfigSwift in Frameworks */,
			);
			runOnlyForDeploymentPostprocessing = 0;
		};
/* End PBXFrameworksBuildPhase section */

/* Begin PBXGroup section */
		6C169F28D800C719DBFCAC5A /* Frameworks */ = {
			isa = PBXGroup;
			children = (
				0CC179874C7A8314C7AAC3A3 /* Pods_Cocktail_App.framework */,
			);
			name = Frameworks;
			sourceTree = "<group>";
		};
		6F0B187F29A678A1006342AD /* AuthService */ = {
			isa = PBXGroup;
			children = (
				6F0B189329A7E71F006342AD /* AuthManager */,
				6F0B189229A7E70F006342AD /* View */,
			);
			path = AuthService;
			sourceTree = "<group>";
		};
		6F0B189229A7E70F006342AD /* View */ = {
			isa = PBXGroup;
			children = (
				6F0B188E29A7D98B006342AD /* PhoneViewController.swift */,
				6F0B189029A7DDA1006342AD /* SMSCodeViewController.swift */,
			);
			path = View;
			sourceTree = "<group>";
		};
		6F0B189329A7E71F006342AD /* AuthManager */ = {
			isa = PBXGroup;
			children = (
				6F0B188829A7CFFD006342AD /* AuthManager.swift */,
			);
			path = AuthManager;
			sourceTree = "<group>";
		};
		6F24D50129A51301009C7609 /* View */ = {
			isa = PBXGroup;
			children = (
				6F479F4329A4DECF008A2E1F /* DetailedCocktailViewController.swift */,
			);
			path = View;
			sourceTree = "<group>";
		};
		6F24D50229A51316009C7609 /* ViewModel */ = {
			isa = PBXGroup;
			children = (
				6F24D50329A51372009C7609 /* DetailedViewModel.swift */,
			);
			path = ViewModel;
			sourceTree = "<group>";
		};
		6F24D50529A513AE009C7609 /* Components */ = {
			isa = PBXGroup;
			children = (
				6F24D50629A513F5009C7609 /* ReviewCustomView.swift */,
				6F24D50829A5142E009C7609 /* RatingCustomView.swift */,
				6F24D50A29A514FF009C7609 /* AddProductCustomButton.swift */,
			);
			path = Components;
			sourceTree = "<group>";
		};
		6F479F3E29A4DCB2008A2E1F /* TabBar */ = {
			isa = PBXGroup;
			children = (
				6F479F3F29A4DCDF008A2E1F /* MainTabBarController.swift */,
			);
			path = TabBar;
			sourceTree = "<group>";
		};
		6F85A66329A7FA8400BE71DA /* UserDefaultsServices */ = {
			isa = PBXGroup;
			children = (
				6F85A66529A7FAAB00BE71DA /* UserDefaultsService.swift */,
			);
			path = UserDefaultsServices;
			sourceTree = "<group>";
		};
		6F85A66A29A889D400BE71DA /* CartViewController */ = {
			isa = PBXGroup;
			children = (
				6F85A66C29A88ABC00BE71DA /* View */,
				6F85A66B29A88AB500BE71DA /* Components */,
			);
			path = CartViewController;
			sourceTree = "<group>";
		};
		6F85A66B29A88AB500BE71DA /* Components */ = {
			isa = PBXGroup;
			children = (
				6F85A66E29A88AFB00BE71DA /* OrderTableView.swift */,
			);
			path = Components;
			sourceTree = "<group>";
		};
		6F85A66C29A88ABC00BE71DA /* View */ = {
			isa = PBXGroup;
			children = (
				6F0B188229A6801B006342AD /* OrderViewController.swift */,
			);
			path = View;
			sourceTree = "<group>";
		};
		6FDF7B5429A3C0B6007B9F4A = {
			isa = PBXGroup;
			children = (
				6FDF7B5F29A3C0B6007B9F4A /* Cocktail_App */,
				6FDF7B5E29A3C0B6007B9F4A /* Products */,
				B1DAF6C553E1F783E0A6C22B /* Pods */,
				6C169F28D800C719DBFCAC5A /* Frameworks */,
			);
			sourceTree = "<group>";
		};
		6FDF7B5E29A3C0B6007B9F4A /* Products */ = {
			isa = PBXGroup;
			children = (
				6FDF7B5D29A3C0B6007B9F4A /* Cocktail_App.app */,
			);
			name = Products;
			sourceTree = "<group>";
		};
		6FDF7B5F29A3C0B6007B9F4A /* Cocktail_App */ = {
			isa = PBXGroup;
			children = (
				6FDF7B7E29A3D94D007B9F4A /* Module */,
				6FDF7B7629A3CFF5007B9F4A /* Model */,
				6FDF7B7529A3CF71007B9F4A /* Resources */,
				6FDF7B7429A3CF47007B9F4A /* App */,
			);
			path = Cocktail_App;
			sourceTree = "<group>";
		};
		6FDF7B7429A3CF47007B9F4A /* App */ = {
			isa = PBXGroup;
			children = (
				6FDF7B6029A3C0B6007B9F4A /* AppDelegate.swift */,
				6FDF7B6229A3C0B6007B9F4A /* SceneDelegate.swift */,
			);
			path = App;
			sourceTree = "<group>";
		};
		6FDF7B7529A3CF71007B9F4A /* Resources */ = {
			isa = PBXGroup;
			children = (
				6FDF7B6629A3C0B6007B9F4A /* Main.storyboard */,
				6FDF7B6929A3C0B8007B9F4A /* Assets.xcassets */,
				6FDF7B6B29A3C0B8007B9F4A /* LaunchScreen.storyboard */,
				6F0B184529A6729E006342AD /* GoogleService-Info.plist */,
				6FDF7B6E29A3C0B8007B9F4A /* Info.plist */,
				6F479F4529A4E9EF008A2E1F /* UIColorExtension.swift */,
			);
			path = Resources;
			sourceTree = "<group>";
		};
		6FDF7B7629A3CFF5007B9F4A /* Model */ = {
			isa = PBXGroup;
			children = (
				6FDF7B7929A3D018007B9F4A /* DTOs */,
				6FDF7B7729A3D001007B9F4A /* NetworkLayer */,
			);
			path = Model;
			sourceTree = "<group>";
		};
		6FDF7B7729A3D001007B9F4A /* NetworkLayer */ = {
			isa = PBXGroup;
			children = (
				6FDF7B7C29A3D3BF007B9F4A /* NetworkLayer.swift */,
			);
			path = NetworkLayer;
			sourceTree = "<group>";
		};
		6FDF7B7929A3D018007B9F4A /* DTOs */ = {
			isa = PBXGroup;
			children = (
				6FDF7B7A29A3D11B007B9F4A /* Cocktails.swift */,
				6F85A66729A7FB7200BE71DA /* User.swift */,
			);
			path = DTOs;
			sourceTree = "<group>";
		};
		6FDF7B7E29A3D94D007B9F4A /* Module */ = {
			isa = PBXGroup;
			children = (
				6F85A66A29A889D400BE71DA /* CartViewController */,
				6F85A66329A7FA8400BE71DA /* UserDefaultsServices */,
				6F0B187F29A678A1006342AD /* AuthService */,
				6F479F3E29A4DCB2008A2E1F /* TabBar */,
				6FDF7B8129A3D98E007B9F4A /* DetailedCocktailWorkFlow */,
				6FDF7B8029A3D971007B9F4A /* ProfileWorkFlow */,
				6FDF7B7F29A3D95C007B9F4A /* MainWorkFlow */,
			);
			path = Module;
			sourceTree = "<group>";
		};
		6FDF7B7F29A3D95C007B9F4A /* MainWorkFlow */ = {
			isa = PBXGroup;
			children = (
				6FDF7B8429A3D9E0007B9F4A /* Components */,
				6FDF7B8329A3D9D6007B9F4A /* ViewModel */,
				6FDF7B8229A3D9CD007B9F4A /* View */,
			);
			path = MainWorkFlow;
			sourceTree = "<group>";
		};
		6FDF7B8029A3D971007B9F4A /* ProfileWorkFlow */ = {
			isa = PBXGroup;
			children = (
				6F479F4129A4DEAC008A2E1F /* ProfileViewController.swift */,
			);
			path = ProfileWorkFlow;
			sourceTree = "<group>";
		};
		6FDF7B8129A3D98E007B9F4A /* DetailedCocktailWorkFlow */ = {
			isa = PBXGroup;
			children = (
				6F24D50529A513AE009C7609 /* Components */,
				6F24D50229A51316009C7609 /* ViewModel */,
				6F24D50129A51301009C7609 /* View */,
			);
			path = DetailedCocktailWorkFlow;
			sourceTree = "<group>";
		};
		6FDF7B8229A3D9CD007B9F4A /* View */ = {
			isa = PBXGroup;
			children = (
				6FDF7B6429A3C0B6007B9F4A /* MainViewController.swift */,
			);
			path = View;
			sourceTree = "<group>";
		};
		6FDF7B8329A3D9D6007B9F4A /* ViewModel */ = {
			isa = PBXGroup;
			children = (
				6FDF7B8529A3DA2E007B9F4A /* MainViewModel.swift */,
			);
			path = ViewModel;
			sourceTree = "<group>";
		};
		6FDF7B8429A3D9E0007B9F4A /* Components */ = {
			isa = PBXGroup;
			children = (
				6F24D4FF29A51266009C7609 /* MainCollectionViewCell.swift */,
			);
			path = Components;
			sourceTree = "<group>";
		};
		B1DAF6C553E1F783E0A6C22B /* Pods */ = {
			isa = PBXGroup;
			children = (
				8726CB2F4291296411DE996A /* Pods-Cocktail_App.debug.xcconfig */,
				7E6A9191680E2471A9317F71 /* Pods-Cocktail_App.release.xcconfig */,
			);
			path = Pods;
			sourceTree = "<group>";
		};
/* End PBXGroup section */

/* Begin PBXNativeTarget section */
		6FDF7B5C29A3C0B6007B9F4A /* Cocktail_App */ = {
			isa = PBXNativeTarget;
			buildConfigurationList = 6FDF7B7129A3C0B8007B9F4A /* Build configuration list for PBXNativeTarget "Cocktail_App" */;
			buildPhases = (
				C4CD6C2BE7EE2FD13D7967F8 /* [CP] Check Pods Manifest.lock */,
				6FDF7B5929A3C0B6007B9F4A /* Sources */,
				6FDF7B5A29A3C0B6007B9F4A /* Frameworks */,
				6FDF7B5B29A3C0B6007B9F4A /* Resources */,
				35F21C9DC296CB302AC0067A /* [CP] Embed Pods Frameworks */,
			);
			buildRules = (
			);
			dependencies = (
			);
			name = Cocktail_App;
			packageProductDependencies = (
				6F0B184829A677AA006342AD /* FirebaseAnalytics */,
				6F0B184A29A677AA006342AD /* FirebaseAnalyticsOnDeviceConversion */,
				6F0B184C29A677AA006342AD /* FirebaseAnalyticsSwift */,
				6F0B184E29A677AA006342AD /* FirebaseAnalyticsWithoutAdIdSupport */,
				6F0B185029A677AA006342AD /* FirebaseAppCheck */,
				6F0B185229A677AA006342AD /* FirebaseAppDistribution-Beta */,
				6F0B185429A677AA006342AD /* FirebaseAuth */,
				6F0B185629A677AA006342AD /* FirebaseAuthCombine-Community */,
				6F0B185829A677AA006342AD /* FirebaseCrashlytics */,
				6F0B185A29A677AA006342AD /* FirebaseDatabase */,
				6F0B185C29A677AA006342AD /* FirebaseDatabaseSwift */,
				6F0B185E29A677AA006342AD /* FirebaseDynamicLinks */,
				6F0B186029A677AA006342AD /* FirebaseFirestore */,
				6F0B186229A677AA006342AD /* FirebaseFirestoreCombine-Community */,
				6F0B186429A677AA006342AD /* FirebaseFirestoreSwift */,
				6F0B186629A677AA006342AD /* FirebaseFunctions */,
				6F0B186829A677AA006342AD /* FirebaseFunctionsCombine-Community */,
				6F0B186A29A677AA006342AD /* FirebaseInAppMessaging-Beta */,
				6F0B186C29A677AA006342AD /* FirebaseInAppMessagingSwift-Beta */,
				6F0B186E29A677AA006342AD /* FirebaseInstallations */,
				6F0B187029A677AA006342AD /* FirebaseMLModelDownloader */,
				6F0B187229A677AA006342AD /* FirebaseMessaging */,
				6F0B187429A677AA006342AD /* FirebasePerformance */,
				6F0B187629A677AA006342AD /* FirebaseRemoteConfig */,
				6F0B187829A677AA006342AD /* FirebaseRemoteConfigSwift */,
				6F0B187A29A677AA006342AD /* FirebaseStorage */,
				6F0B187C29A677AA006342AD /* FirebaseStorageCombine-Community */,
			);
			productName = Cocktail_App;
			productReference = 6FDF7B5D29A3C0B6007B9F4A /* Cocktail_App.app */;
			productType = "com.apple.product-type.application";
		};
/* End PBXNativeTarget section */

/* Begin PBXProject section */
		6FDF7B5529A3C0B6007B9F4A /* Project object */ = {
			isa = PBXProject;
			attributes = {
				BuildIndependentTargetsInParallel = 1;
				LastSwiftUpdateCheck = 1410;
				LastUpgradeCheck = 1410;
				TargetAttributes = {
					6FDF7B5C29A3C0B6007B9F4A = {
						CreatedOnToolsVersion = 14.1;
					};
				};
			};
			buildConfigurationList = 6FDF7B5829A3C0B6007B9F4A /* Build configuration list for PBXProject "Cocktail_App" */;
			compatibilityVersion = "Xcode 14.0";
			developmentRegion = en;
			hasScannedForEncodings = 0;
			knownRegions = (
				en,
				Base,
			);
			mainGroup = 6FDF7B5429A3C0B6007B9F4A;
			packageReferences = (
				6F0B184729A677AA006342AD /* XCRemoteSwiftPackageReference "firebase-ios-sdk" */,
			);
			productRefGroup = 6FDF7B5E29A3C0B6007B9F4A /* Products */;
			projectDirPath = "";
			projectRoot = "";
			targets = (
				6FDF7B5C29A3C0B6007B9F4A /* Cocktail_App */,
			);
		};
/* End PBXProject section */

/* Begin PBXResourcesBuildPhase section */
		6FDF7B5B29A3C0B6007B9F4A /* Resources */ = {
			isa = PBXResourcesBuildPhase;
			buildActionMask = 2147483647;
			files = (
				6FDF7B6D29A3C0B8007B9F4A /* LaunchScreen.storyboard in Resources */,
				6F0B184629A6729E006342AD /* GoogleService-Info.plist in Resources */,
				6FDF7B6A29A3C0B8007B9F4A /* Assets.xcassets in Resources */,
				6FDF7B6829A3C0B6007B9F4A /* Main.storyboard in Resources */,
			);
			runOnlyForDeploymentPostprocessing = 0;
		};
/* End PBXResourcesBuildPhase section */

/* Begin PBXShellScriptBuildPhase section */
		35F21C9DC296CB302AC0067A /* [CP] Embed Pods Frameworks */ = {
			isa = PBXShellScriptBuildPhase;
			buildActionMask = 2147483647;
			files = (
			);
			inputFileListPaths = (
				"${PODS_ROOT}/Target Support Files/Pods-Cocktail_App/Pods-Cocktail_App-frameworks-${CONFIGURATION}-input-files.xcfilelist",
			);
			name = "[CP] Embed Pods Frameworks";
			outputFileListPaths = (
				"${PODS_ROOT}/Target Support Files/Pods-Cocktail_App/Pods-Cocktail_App-frameworks-${CONFIGURATION}-output-files.xcfilelist",
			);
			runOnlyForDeploymentPostprocessing = 0;
			shellPath = /bin/sh;
			shellScript = "\"${PODS_ROOT}/Target Support Files/Pods-Cocktail_App/Pods-Cocktail_App-frameworks.sh\"\n";
			showEnvVarsInLog = 0;
		};
		C4CD6C2BE7EE2FD13D7967F8 /* [CP] Check Pods Manifest.lock */ = {
			isa = PBXShellScriptBuildPhase;
			buildActionMask = 2147483647;
			files = (
			);
			inputFileListPaths = (
			);
			inputPaths = (
				"${PODS_PODFILE_DIR_PATH}/Podfile.lock",
				"${PODS_ROOT}/Manifest.lock",
			);
			name = "[CP] Check Pods Manifest.lock";
			outputFileListPaths = (
			);
			outputPaths = (
				"$(DERIVED_FILE_DIR)/Pods-Cocktail_App-checkManifestLockResult.txt",
			);
			runOnlyForDeploymentPostprocessing = 0;
			shellPath = /bin/sh;
			shellScript = "diff \"${PODS_PODFILE_DIR_PATH}/Podfile.lock\" \"${PODS_ROOT}/Manifest.lock\" > /dev/null\nif [ $? != 0 ] ; then\n    # print error to STDERR\n    echo \"error: The sandbox is not in sync with the Podfile.lock. Run 'pod install' or update your CocoaPods installation.\" >&2\n    exit 1\nfi\n# This output is used by Xcode 'outputs' to avoid re-running this script phase.\necho \"SUCCESS\" > \"${SCRIPT_OUTPUT_FILE_0}\"\n";
			showEnvVarsInLog = 0;
		};
/* End PBXShellScriptBuildPhase section */

/* Begin PBXSourcesBuildPhase section */
		6FDF7B5929A3C0B6007B9F4A /* Sources */ = {
			isa = PBXSourcesBuildPhase;
			buildActionMask = 2147483647;
			files = (
				6FDF7B6529A3C0B6007B9F4A /* MainViewController.swift in Sources */,
				6F0B188F29A7D98B006342AD /* PhoneViewController.swift in Sources */,
				6F24D50729A513F5009C7609 /* ReviewCustomView.swift in Sources */,
				6F24D50B29A514FF009C7609 /* AddProductCustomButton.swift in Sources */,
				6FDF7B6129A3C0B6007B9F4A /* AppDelegate.swift in Sources */,
				6FDF7B6329A3C0B6007B9F4A /* SceneDelegate.swift in Sources */,
				6F24D50929A5142E009C7609 /* RatingCustomView.swift in Sources */,
				6F479F4429A4DECF008A2E1F /* DetailedCocktailViewController.swift in Sources */,
				6F479F4029A4DCDF008A2E1F /* MainTabBarController.swift in Sources */,
				6FDF7B7D29A3D3BF007B9F4A /* NetworkLayer.swift in Sources */,
				6F24D50429A51372009C7609 /* DetailedViewModel.swift in Sources */,
				6FDF7B7B29A3D11B007B9F4A /* Cocktails.swift in Sources */,
				6F85A66629A7FAAB00BE71DA /* UserDefaultsService.swift in Sources */,
				6F0B188329A6801B006342AD /* OrderViewController.swift in Sources */,
				6F24D50029A51266009C7609 /* MainCollectionViewCell.swift in Sources */,
				6F85A66F29A88AFB00BE71DA /* OrderTableView.swift in Sources */,
				6F0B189129A7DDA1006342AD /* SMSCodeViewController.swift in Sources */,
				6F479F4629A4E9EF008A2E1F /* UIColorExtension.swift in Sources */,
				6F479F4229A4DEAC008A2E1F /* ProfileViewController.swift in Sources */,
				6FDF7B8629A3DA2E007B9F4A /* MainViewModel.swift in Sources */,
				6F0B188929A7CFFD006342AD /* AuthManager.swift in Sources */,
				6F85A66829A7FB7200BE71DA /* User.swift in Sources */,
			);
			runOnlyForDeploymentPostprocessing = 0;
		};
/* End PBXSourcesBuildPhase section */

/* Begin PBXVariantGroup section */
		6FDF7B6629A3C0B6007B9F4A /* Main.storyboard */ = {
			isa = PBXVariantGroup;
			children = (
				6FDF7B6729A3C0B6007B9F4A /* Base */,
			);
			name = Main.storyboard;
			sourceTree = "<group>";
		};
		6FDF7B6B29A3C0B8007B9F4A /* LaunchScreen.storyboard */ = {
			isa = PBXVariantGroup;
			children = (
				6FDF7B6C29A3C0B8007B9F4A /* Base */,
			);
			name = LaunchScreen.storyboard;
			sourceTree = "<group>";
		};
/* End PBXVariantGroup section */

/* Begin XCBuildConfiguration section */
		6FDF7B6F29A3C0B8007B9F4A /* Debug */ = {
			isa = XCBuildConfiguration;
			buildSettings = {
				ALWAYS_SEARCH_USER_PATHS = NO;
				CLANG_ANALYZER_NONNULL = YES;
				CLANG_ANALYZER_NUMBER_OBJECT_CONVERSION = YES_AGGRESSIVE;
				CLANG_CXX_LANGUAGE_STANDARD = "gnu++20";
				CLANG_ENABLE_MODULES = YES;
				CLANG_ENABLE_OBJC_ARC = YES;
				CLANG_ENABLE_OBJC_WEAK = YES;
				CLANG_WARN_BLOCK_CAPTURE_AUTORELEASING = YES;
				CLANG_WARN_BOOL_CONVERSION = YES;
				CLANG_WARN_COMMA = YES;
				CLANG_WARN_CONSTANT_CONVERSION = YES;
				CLANG_WARN_DEPRECATED_OBJC_IMPLEMENTATIONS = YES;
				CLANG_WARN_DIRECT_OBJC_ISA_USAGE = YES_ERROR;
				CLANG_WARN_DOCUMENTATION_COMMENTS = YES;
				CLANG_WARN_EMPTY_BODY = YES;
				CLANG_WARN_ENUM_CONVERSION = YES;
				CLANG_WARN_INFINITE_RECURSION = YES;
				CLANG_WARN_INT_CONVERSION = YES;
				CLANG_WARN_NON_LITERAL_NULL_CONVERSION = YES;
				CLANG_WARN_OBJC_IMPLICIT_RETAIN_SELF = YES;
				CLANG_WARN_OBJC_LITERAL_CONVERSION = YES;
				CLANG_WARN_OBJC_ROOT_CLASS = YES_ERROR;
				CLANG_WARN_QUOTED_INCLUDE_IN_FRAMEWORK_HEADER = YES;
				CLANG_WARN_RANGE_LOOP_ANALYSIS = YES;
				CLANG_WARN_STRICT_PROTOTYPES = YES;
				CLANG_WARN_SUSPICIOUS_MOVE = YES;
				CLANG_WARN_UNGUARDED_AVAILABILITY = YES_AGGRESSIVE;
				CLANG_WARN_UNREACHABLE_CODE = YES;
				CLANG_WARN__DUPLICATE_METHOD_MATCH = YES;
				COPY_PHASE_STRIP = NO;
				DEBUG_INFORMATION_FORMAT = dwarf;
				ENABLE_STRICT_OBJC_MSGSEND = YES;
				ENABLE_TESTABILITY = YES;
				GCC_C_LANGUAGE_STANDARD = gnu11;
				GCC_DYNAMIC_NO_PIC = NO;
				GCC_NO_COMMON_BLOCKS = YES;
				GCC_OPTIMIZATION_LEVEL = 0;
				GCC_PREPROCESSOR_DEFINITIONS = (
					"DEBUG=1",
					"$(inherited)",
				);
				GCC_WARN_64_TO_32_BIT_CONVERSION = YES;
				GCC_WARN_ABOUT_RETURN_TYPE = YES_ERROR;
				GCC_WARN_UNDECLARED_SELECTOR = YES;
				GCC_WARN_UNINITIALIZED_AUTOS = YES_AGGRESSIVE;
				GCC_WARN_UNUSED_FUNCTION = YES;
				GCC_WARN_UNUSED_VARIABLE = YES;
				IPHONEOS_DEPLOYMENT_TARGET = 16.1;
				MTL_ENABLE_DEBUG_INFO = INCLUDE_SOURCE;
				MTL_FAST_MATH = YES;
				ONLY_ACTIVE_ARCH = YES;
				SDKROOT = iphoneos;
				SWIFT_ACTIVE_COMPILATION_CONDITIONS = DEBUG;
				SWIFT_OPTIMIZATION_LEVEL = "-Onone";
			};
			name = Debug;
		};
		6FDF7B7029A3C0B8007B9F4A /* Release */ = {
			isa = XCBuildConfiguration;
			buildSettings = {
				ALWAYS_SEARCH_USER_PATHS = NO;
				CLANG_ANALYZER_NONNULL = YES;
				CLANG_ANALYZER_NUMBER_OBJECT_CONVERSION = YES_AGGRESSIVE;
				CLANG_CXX_LANGUAGE_STANDARD = "gnu++20";
				CLANG_ENABLE_MODULES = YES;
				CLANG_ENABLE_OBJC_ARC = YES;
				CLANG_ENABLE_OBJC_WEAK = YES;
				CLANG_WARN_BLOCK_CAPTURE_AUTORELEASING = YES;
				CLANG_WARN_BOOL_CONVERSION = YES;
				CLANG_WARN_COMMA = YES;
				CLANG_WARN_CONSTANT_CONVERSION = YES;
				CLANG_WARN_DEPRECATED_OBJC_IMPLEMENTATIONS = YES;
				CLANG_WARN_DIRECT_OBJC_ISA_USAGE = YES_ERROR;
				CLANG_WARN_DOCUMENTATION_COMMENTS = YES;
				CLANG_WARN_EMPTY_BODY = YES;
				CLANG_WARN_ENUM_CONVERSION = YES;
				CLANG_WARN_INFINITE_RECURSION = YES;
				CLANG_WARN_INT_CONVERSION = YES;
				CLANG_WARN_NON_LITERAL_NULL_CONVERSION = YES;
				CLANG_WARN_OBJC_IMPLICIT_RETAIN_SELF = YES;
				CLANG_WARN_OBJC_LITERAL_CONVERSION = YES;
				CLANG_WARN_OBJC_ROOT_CLASS = YES_ERROR;
				CLANG_WARN_QUOTED_INCLUDE_IN_FRAMEWORK_HEADER = YES;
				CLANG_WARN_RANGE_LOOP_ANALYSIS = YES;
				CLANG_WARN_STRICT_PROTOTYPES = YES;
				CLANG_WARN_SUSPICIOUS_MOVE = YES;
				CLANG_WARN_UNGUARDED_AVAILABILITY = YES_AGGRESSIVE;
				CLANG_WARN_UNREACHABLE_CODE = YES;
				CLANG_WARN__DUPLICATE_METHOD_MATCH = YES;
				COPY_PHASE_STRIP = NO;
				DEBUG_INFORMATION_FORMAT = "dwarf-with-dsym";
				ENABLE_NS_ASSERTIONS = NO;
				ENABLE_STRICT_OBJC_MSGSEND = YES;
				GCC_C_LANGUAGE_STANDARD = gnu11;
				GCC_NO_COMMON_BLOCKS = YES;
				GCC_WARN_64_TO_32_BIT_CONVERSION = YES;
				GCC_WARN_ABOUT_RETURN_TYPE = YES_ERROR;
				GCC_WARN_UNDECLARED_SELECTOR = YES;
				GCC_WARN_UNINITIALIZED_AUTOS = YES_AGGRESSIVE;
				GCC_WARN_UNUSED_FUNCTION = YES;
				GCC_WARN_UNUSED_VARIABLE = YES;
				IPHONEOS_DEPLOYMENT_TARGET = 16.1;
				MTL_ENABLE_DEBUG_INFO = NO;
				MTL_FAST_MATH = YES;
				SDKROOT = iphoneos;
				SWIFT_COMPILATION_MODE = wholemodule;
				SWIFT_OPTIMIZATION_LEVEL = "-O";
				VALIDATE_PRODUCT = YES;
			};
			name = Release;
		};
		6FDF7B7229A3C0B8007B9F4A /* Debug */ = {
			isa = XCBuildConfiguration;
			baseConfigurationReference = 8726CB2F4291296411DE996A /* Pods-Cocktail_App.debug.xcconfig */;
			buildSettings = {
				ASSETCATALOG_COMPILER_APPICON_NAME = AppIcon;
				ASSETCATALOG_COMPILER_GLOBAL_ACCENT_COLOR_NAME = AccentColor;
				CODE_SIGN_STYLE = Automatic;
				CURRENT_PROJECT_VERSION = 1;
				GENERATE_INFOPLIST_FILE = YES;
				INFOPLIST_FILE = Cocktail_App/Resources/Info.plist;
				INFOPLIST_KEY_UIApplicationSupportsIndirectInputEvents = YES;
				INFOPLIST_KEY_UILaunchStoryboardName = LaunchScreen;
				INFOPLIST_KEY_UISupportedInterfaceOrientations_iPad = "UIInterfaceOrientationPortrait UIInterfaceOrientationPortraitUpsideDown UIInterfaceOrientationLandscapeLeft UIInterfaceOrientationLandscapeRight";
				INFOPLIST_KEY_UISupportedInterfaceOrientations_iPhone = "UIInterfaceOrientationPortrait UIInterfaceOrientationLandscapeLeft UIInterfaceOrientationLandscapeRight";
				LD_RUNPATH_SEARCH_PATHS = (
					"$(inherited)",
					"@executable_path/Frameworks",
				);
				MARKETING_VERSION = 1.0;
				PRODUCT_BUNDLE_IDENTIFIER = "GeekTech.Cocktail-App";
				PRODUCT_NAME = "$(TARGET_NAME)";
				SWIFT_EMIT_LOC_STRINGS = YES;
				SWIFT_VERSION = 5.0;
				TARGETED_DEVICE_FAMILY = "1,2";
			};
			name = Debug;
		};
		6FDF7B7329A3C0B8007B9F4A /* Release */ = {
			isa = XCBuildConfiguration;
			baseConfigurationReference = 7E6A9191680E2471A9317F71 /* Pods-Cocktail_App.release.xcconfig */;
			buildSettings = {
				ASSETCATALOG_COMPILER_APPICON_NAME = AppIcon;
				ASSETCATALOG_COMPILER_GLOBAL_ACCENT_COLOR_NAME = AccentColor;
				CODE_SIGN_STYLE = Automatic;
				CURRENT_PROJECT_VERSION = 1;
				GENERATE_INFOPLIST_FILE = YES;
				INFOPLIST_FILE = Cocktail_App/Resources/Info.plist;
				INFOPLIST_KEY_UIApplicationSupportsIndirectInputEvents = YES;
				INFOPLIST_KEY_UILaunchStoryboardName = LaunchScreen;
				INFOPLIST_KEY_UISupportedInterfaceOrientations_iPad = "UIInterfaceOrientationPortrait UIInterfaceOrientationPortraitUpsideDown UIInterfaceOrientationLandscapeLeft UIInterfaceOrientationLandscapeRight";
				INFOPLIST_KEY_UISupportedInterfaceOrientations_iPhone = "UIInterfaceOrientationPortrait UIInterfaceOrientationLandscapeLeft UIInterfaceOrientationLandscapeRight";
				LD_RUNPATH_SEARCH_PATHS = (
					"$(inherited)",
					"@executable_path/Frameworks",
				);
				MARKETING_VERSION = 1.0;
				PRODUCT_BUNDLE_IDENTIFIER = "GeekTech.Cocktail-App";
				PRODUCT_NAME = "$(TARGET_NAME)";
				SWIFT_EMIT_LOC_STRINGS = YES;
				SWIFT_VERSION = 5.0;
				TARGETED_DEVICE_FAMILY = "1,2";
			};
			name = Release;
		};
/* End XCBuildConfiguration section */

/* Begin XCConfigurationList section */
		6FDF7B5829A3C0B6007B9F4A /* Build configuration list for PBXProject "Cocktail_App" */ = {
			isa = XCConfigurationList;
			buildConfigurations = (
				6FDF7B6F29A3C0B8007B9F4A /* Debug */,
				6FDF7B7029A3C0B8007B9F4A /* Release */,
			);
			defaultConfigurationIsVisible = 0;
			defaultConfigurationName = Release;
		};
		6FDF7B7129A3C0B8007B9F4A /* Build configuration list for PBXNativeTarget "Cocktail_App" */ = {
			isa = XCConfigurationList;
			buildConfigurations = (
				6FDF7B7229A3C0B8007B9F4A /* Debug */,
				6FDF7B7329A3C0B8007B9F4A /* Release */,
			);
			defaultConfigurationIsVisible = 0;
			defaultConfigurationName = Release;
		};
/* End XCConfigurationList section */

/* Begin XCRemoteSwiftPackageReference section */
		6F0B184729A677AA006342AD /* XCRemoteSwiftPackageReference "firebase-ios-sdk" */ = {
			isa = XCRemoteSwiftPackageReference;
			repositoryURL = "https://github.com/firebase/firebase-ios-sdk.git";
			requirement = {
				kind = upToNextMajorVersion;
				minimumVersion = 9.0.0;
			};
		};
/* End XCRemoteSwiftPackageReference section */

/* Begin XCSwiftPackageProductDependency section */
		6F0B184829A677AA006342AD /* FirebaseAnalytics */ = {
			isa = XCSwiftPackageProductDependency;
			package = 6F0B184729A677AA006342AD /* XCRemoteSwiftPackageReference "firebase-ios-sdk" */;
			productName = FirebaseAnalytics;
		};
		6F0B184A29A677AA006342AD /* FirebaseAnalyticsOnDeviceConversion */ = {
			isa = XCSwiftPackageProductDependency;
			package = 6F0B184729A677AA006342AD /* XCRemoteSwiftPackageReference "firebase-ios-sdk" */;
			productName = FirebaseAnalyticsOnDeviceConversion;
		};
		6F0B184C29A677AA006342AD /* FirebaseAnalyticsSwift */ = {
			isa = XCSwiftPackageProductDependency;
			package = 6F0B184729A677AA006342AD /* XCRemoteSwiftPackageReference "firebase-ios-sdk" */;
			productName = FirebaseAnalyticsSwift;
		};
		6F0B184E29A677AA006342AD /* FirebaseAnalyticsWithoutAdIdSupport */ = {
			isa = XCSwiftPackageProductDependency;
			package = 6F0B184729A677AA006342AD /* XCRemoteSwiftPackageReference "firebase-ios-sdk" */;
			productName = FirebaseAnalyticsWithoutAdIdSupport;
		};
		6F0B185029A677AA006342AD /* FirebaseAppCheck */ = {
			isa = XCSwiftPackageProductDependency;
			package = 6F0B184729A677AA006342AD /* XCRemoteSwiftPackageReference "firebase-ios-sdk" */;
			productName = FirebaseAppCheck;
		};
		6F0B185229A677AA006342AD /* FirebaseAppDistribution-Beta */ = {
			isa = XCSwiftPackageProductDependency;
			package = 6F0B184729A677AA006342AD /* XCRemoteSwiftPackageReference "firebase-ios-sdk" */;
			productName = "FirebaseAppDistribution-Beta";
		};
		6F0B185429A677AA006342AD /* FirebaseAuth */ = {
			isa = XCSwiftPackageProductDependency;
			package = 6F0B184729A677AA006342AD /* XCRemoteSwiftPackageReference "firebase-ios-sdk" */;
			productName = FirebaseAuth;
		};
		6F0B185629A677AA006342AD /* FirebaseAuthCombine-Community */ = {
			isa = XCSwiftPackageProductDependency;
			package = 6F0B184729A677AA006342AD /* XCRemoteSwiftPackageReference "firebase-ios-sdk" */;
			productName = "FirebaseAuthCombine-Community";
		};
		6F0B185829A677AA006342AD /* FirebaseCrashlytics */ = {
			isa = XCSwiftPackageProductDependency;
			package = 6F0B184729A677AA006342AD /* XCRemoteSwiftPackageReference "firebase-ios-sdk" */;
			productName = FirebaseCrashlytics;
		};
		6F0B185A29A677AA006342AD /* FirebaseDatabase */ = {
			isa = XCSwiftPackageProductDependency;
			package = 6F0B184729A677AA006342AD /* XCRemoteSwiftPackageReference "firebase-ios-sdk" */;
			productName = FirebaseDatabase;
		};
		6F0B185C29A677AA006342AD /* FirebaseDatabaseSwift */ = {
			isa = XCSwiftPackageProductDependency;
			package = 6F0B184729A677AA006342AD /* XCRemoteSwiftPackageReference "firebase-ios-sdk" */;
			productName = FirebaseDatabaseSwift;
		};
		6F0B185E29A677AA006342AD /* FirebaseDynamicLinks */ = {
			isa = XCSwiftPackageProductDependency;
			package = 6F0B184729A677AA006342AD /* XCRemoteSwiftPackageReference "firebase-ios-sdk" */;
			productName = FirebaseDynamicLinks;
		};
		6F0B186029A677AA006342AD /* FirebaseFirestore */ = {
			isa = XCSwiftPackageProductDependency;
			package = 6F0B184729A677AA006342AD /* XCRemoteSwiftPackageReference "firebase-ios-sdk" */;
			productName = FirebaseFirestore;
		};
		6F0B186229A677AA006342AD /* FirebaseFirestoreCombine-Community */ = {
			isa = XCSwiftPackageProductDependency;
			package = 6F0B184729A677AA006342AD /* XCRemoteSwiftPackageReference "firebase-ios-sdk" */;
			productName = "FirebaseFirestoreCombine-Community";
		};
		6F0B186429A677AA006342AD /* FirebaseFirestoreSwift */ = {
			isa = XCSwiftPackageProductDependency;
			package = 6F0B184729A677AA006342AD /* XCRemoteSwiftPackageReference "firebase-ios-sdk" */;
			productName = FirebaseFirestoreSwift;
		};
		6F0B186629A677AA006342AD /* FirebaseFunctions */ = {
			isa = XCSwiftPackageProductDependency;
			package = 6F0B184729A677AA006342AD /* XCRemoteSwiftPackageReference "firebase-ios-sdk" */;
			productName = FirebaseFunctions;
		};
		6F0B186829A677AA006342AD /* FirebaseFunctionsCombine-Community */ = {
			isa = XCSwiftPackageProductDependency;
			package = 6F0B184729A677AA006342AD /* XCRemoteSwiftPackageReference "firebase-ios-sdk" */;
			productName = "FirebaseFunctionsCombine-Community";
		};
		6F0B186A29A677AA006342AD /* FirebaseInAppMessaging-Beta */ = {
			isa = XCSwiftPackageProductDependency;
			package = 6F0B184729A677AA006342AD /* XCRemoteSwiftPackageReference "firebase-ios-sdk" */;
			productName = "FirebaseInAppMessaging-Beta";
		};
		6F0B186C29A677AA006342AD /* FirebaseInAppMessagingSwift-Beta */ = {
			isa = XCSwiftPackageProductDependency;
			package = 6F0B184729A677AA006342AD /* XCRemoteSwiftPackageReference "firebase-ios-sdk" */;
			productName = "FirebaseInAppMessagingSwift-Beta";
		};
		6F0B186E29A677AA006342AD /* FirebaseInstallations */ = {
			isa = XCSwiftPackageProductDependency;
			package = 6F0B184729A677AA006342AD /* XCRemoteSwiftPackageReference "firebase-ios-sdk" */;
			productName = FirebaseInstallations;
		};
		6F0B187029A677AA006342AD /* FirebaseMLModelDownloader */ = {
			isa = XCSwiftPackageProductDependency;
			package = 6F0B184729A677AA006342AD /* XCRemoteSwiftPackageReference "firebase-ios-sdk" */;
			productName = FirebaseMLModelDownloader;
		};
		6F0B187229A677AA006342AD /* FirebaseMessaging */ = {
			isa = XCSwiftPackageProductDependency;
			package = 6F0B184729A677AA006342AD /* XCRemoteSwiftPackageReference "firebase-ios-sdk" */;
			productName = FirebaseMessaging;
		};
		6F0B187429A677AA006342AD /* FirebasePerformance */ = {
			isa = XCSwiftPackageProductDependency;
			package = 6F0B184729A677AA006342AD /* XCRemoteSwiftPackageReference "firebase-ios-sdk" */;
			productName = FirebasePerformance;
		};
		6F0B187629A677AA006342AD /* FirebaseRemoteConfig */ = {
			isa = XCSwiftPackageProductDependency;
			package = 6F0B184729A677AA006342AD /* XCRemoteSwiftPackageReference "firebase-ios-sdk" */;
			productName = FirebaseRemoteConfig;
		};
		6F0B187829A677AA006342AD /* FirebaseRemoteConfigSwift */ = {
			isa = XCSwiftPackageProductDependency;
			package = 6F0B184729A677AA006342AD /* XCRemoteSwiftPackageReference "firebase-ios-sdk" */;
			productName = FirebaseRemoteConfigSwift;
		};
		6F0B187A29A677AA006342AD /* FirebaseStorage */ = {
			isa = XCSwiftPackageProductDependency;
			package = 6F0B184729A677AA006342AD /* XCRemoteSwiftPackageReference "firebase-ios-sdk" */;
			productName = FirebaseStorage;
		};
		6F0B187C29A677AA006342AD /* FirebaseStorageCombine-Community */ = {
			isa = XCSwiftPackageProductDependency;
			package = 6F0B184729A677AA006342AD /* XCRemoteSwiftPackageReference "firebase-ios-sdk" */;
			productName = "FirebaseStorageCombine-Community";
		};
/* End XCSwiftPackageProductDependency section */
	};
	rootObject = 6FDF7B5529A3C0B6007B9F4A /* Project object */;
}
